
Microsoft Visual Studio Solution File, Format Version 12.00
# Visual Studio Version 17
VisualStudioVersion = 17.10.35027.167
MinimumVisualStudioVersion = 10.0.40219.1
Project("{9A19103F-16F7-4668-BE54-9A1E7A4F7556}") = "DateBaseSQL", "DateBaseSQL\DateBaseSQL.csproj", "{16A7EE00-58C9-439D-B50F-51CC828F8799}"
EndProject
Project("{2150E333-8FDC-42A3-9474-1A3956D46DE8}") = "Элементы решения", "Элементы решения", "{FB770630-C9EA-4389-8304-E1E80A3BCA5F}"
	ProjectSection(SolutionItems) = preProject
		appsettings.json = appsettings.json
	EndProjectSection
EndProject
Global
	GlobalSection(SolutionConfigurationPlatforms) = preSolution
		Debug|Any CPU = Debug|Any CPU
		Release|Any CPU = Release|Any CPU
	EndGlobalSection
	GlobalSection(ProjectConfigurationPlatforms) = postSolution
		{16A7EE00-58C9-439D-B50F-51CC828F8799}.Debug|Any CPU.ActiveCfg = Debug|Any CPU
		{16A7EE00-58C9-439D-B50F-51CC828F8799}.Debug|Any CPU.Build.0 = Debug|Any CPU
		{16A7EE00-58C9-439D-B50F-51CC828F8799}.Release|Any CPU.ActiveCfg = Release|Any CPU
		{16A7EE00-58C9-439D-B50F-51CC828F8799}.Release|Any CPU.Build.0 = Release|Any CPU
	EndGlobalSection
	GlobalSection(SolutionProperties) = preSolution
		HideSolutionNode = FALSE
	EndGlobalSection
	GlobalSection(ExtensibilityGlobals) = postSolution
		SolutionGuid = {2B481DD2-4E30-4CD2-BA93-2641D35DBC14}
	EndGlobalSection
EndGlobal
